dependencies:
  idf:
    source:
      type: idf
    version: 5.5.2
  vgerwen/hcsr04:
    dependencies:
    - name: idf
      version: '>=4.4.0'
    source:
      path: /Users/mariacebria/Desktop/ProyectoSEM/Proyecto_SEM_MCPWM/hcsr04
      type: local
    version: 1.0.0
direct_dependencies:
- vgerwen/hcsr04
manifest_hash: 44818f33890e6394f78c9ba5305e83087810f87f88723e94ea7ac1ef118ef887
target: esp32s3
version: 2.0.0
